
Microsoft Visual Studio Solution File, Format Version 12.00
# Visual Studio Version 16
VisualStudioVersion = 16.0.29102.190
MinimumVisualStudioVersion = 10.0.40219.1
Project("{FAE04EC0-301F-11D3-BF4B-00C04F79EFBC}") = "Webhost", "Webhost\Webhost.csproj", "{CBC43DEC-8421-4E19-BCCE-751E3B81557D}"
EndProject
Global
	GlobalSection(SolutionConfigurationPlatforms) = preSolution
		Debug|Any CPU = Debug|Any CPU
		Release|Any CPU = Release|Any CPU
	EndGlobalSection
	GlobalSection(ProjectConfigurationPlatforms) = postSolution
		{CBC43DEC-8421-4E19-BCCE-751E3B81557D}.Debug|Any CPU.ActiveCfg = Debug|Any CPU
		{CBC43DEC-8421-4E19-BCCE-751E3B81557D}.Debug|Any CPU.Build.0 = Debug|Any CPU
		{CBC43DEC-8421-4E19-BCCE-751E3B81557D}.Release|Any CPU.ActiveCfg = Release|Any CPU
		{CBC43DEC-8421-4E19-BCCE-751E3B81557D}.Release|Any CPU.Build.0 = Release|Any CPU
	EndGlobalSection
	GlobalSection(SolutionProperties) = preSolution
		HideSolutionNode = FALSE
	EndGlobalSection
	GlobalSection(ExtensibilityGlobals) = postSolution
		SolutionGuid = {CC002F68-EE4F-4BBE-ACCF-2DC1D4489DE3}
	EndGlobalSection
EndGlobal
