
Microsoft Visual Studio Solution File, Format Version 12.00
# Visual Studio Version 16
VisualStudioVersion = 16.0.29102.190
MinimumVisualStudioVersion = 10.0.40219.1
Project("{FAE04EC0-301F-11D3-BF4B-00C04F79EFBC}") = "Xml", "Xml\Xml.csproj", "{1227B514-E1FF-4226-94ED-10D04B01A0AF}"
EndProject
Global
	GlobalSection(SolutionConfigurationPlatforms) = preSolution
		Debug|Any CPU = Debug|Any CPU
		Release|Any CPU = Release|Any CPU
	EndGlobalSection
	GlobalSection(ProjectConfigurationPlatforms) = postSolution
		{1227B514-E1FF-4226-94ED-10D04B01A0AF}.Debug|Any CPU.ActiveCfg = Debug|Any CPU
		{1227B514-E1FF-4226-94ED-10D04B01A0AF}.Debug|Any CPU.Build.0 = Debug|Any CPU
		{1227B514-E1FF-4226-94ED-10D04B01A0AF}.Release|Any CPU.ActiveCfg = Release|Any CPU
		{1227B514-E1FF-4226-94ED-10D04B01A0AF}.Release|Any CPU.Build.0 = Release|Any CPU
	EndGlobalSection
	GlobalSection(SolutionProperties) = preSolution
		HideSolutionNode = FALSE
	EndGlobalSection
	GlobalSection(ExtensibilityGlobals) = postSolution
		SolutionGuid = {FAFCA785-CC47-4276-8AB0-7615AEF06366}
	EndGlobalSection
EndGlobal
