
Microsoft Visual Studio Solution File, Format Version 12.00
# Visual Studio Version 16
VisualStudioVersion = 16.0.29102.190
MinimumVisualStudioVersion = 10.0.40219.1
Project("{FAE04EC0-301F-11D3-BF4B-00C04F79EFBC}") = "Svoystva", "Svoystva\Svoystva.csproj", "{5E29F1DA-F1AC-496B-98B9-5268B833473D}"
EndProject
Global
	GlobalSection(SolutionConfigurationPlatforms) = preSolution
		Debug|Any CPU = Debug|Any CPU
		Release|Any CPU = Release|Any CPU
	EndGlobalSection
	GlobalSection(ProjectConfigurationPlatforms) = postSolution
		{5E29F1DA-F1AC-496B-98B9-5268B833473D}.Debug|Any CPU.ActiveCfg = Debug|Any CPU
		{5E29F1DA-F1AC-496B-98B9-5268B833473D}.Debug|Any CPU.Build.0 = Debug|Any CPU
		{5E29F1DA-F1AC-496B-98B9-5268B833473D}.Release|Any CPU.ActiveCfg = Release|Any CPU
		{5E29F1DA-F1AC-496B-98B9-5268B833473D}.Release|Any CPU.Build.0 = Release|Any CPU
	EndGlobalSection
	GlobalSection(SolutionProperties) = preSolution
		HideSolutionNode = FALSE
	EndGlobalSection
	GlobalSection(ExtensibilityGlobals) = postSolution
		SolutionGuid = {BFD36203-F625-491B-A244-95A305BB3220}
	EndGlobalSection
EndGlobal
