
Microsoft Visual Studio Solution File, Format Version 12.00
# Visual Studio Version 16
VisualStudioVersion = 16.0.29102.190
MinimumVisualStudioVersion = 10.0.40219.1
Project("{FAE04EC0-301F-11D3-BF4B-00C04F79EFBC}") = "StaticModificator", "StaticModificator\StaticModificator.csproj", "{88C825BC-17E0-4561-AFAE-171344CD8388}"
EndProject
Global
	GlobalSection(SolutionConfigurationPlatforms) = preSolution
		Debug|Any CPU = Debug|Any CPU
		Release|Any CPU = Release|Any CPU
	EndGlobalSection
	GlobalSection(ProjectConfigurationPlatforms) = postSolution
		{88C825BC-17E0-4561-AFAE-171344CD8388}.Debug|Any CPU.ActiveCfg = Debug|Any CPU
		{88C825BC-17E0-4561-AFAE-171344CD8388}.Debug|Any CPU.Build.0 = Debug|Any CPU
		{88C825BC-17E0-4561-AFAE-171344CD8388}.Release|Any CPU.ActiveCfg = Release|Any CPU
		{88C825BC-17E0-4561-AFAE-171344CD8388}.Release|Any CPU.Build.0 = Release|Any CPU
	EndGlobalSection
	GlobalSection(SolutionProperties) = preSolution
		HideSolutionNode = FALSE
	EndGlobalSection
	GlobalSection(ExtensibilityGlobals) = postSolution
		SolutionGuid = {23577BA3-2DBE-4095-86FA-8E6F9D92CB69}
	EndGlobalSection
EndGlobal
