
Microsoft Visual Studio Solution File, Format Version 12.00
# Visual Studio Version 16
VisualStudioVersion = 16.0.29102.190
MinimumVisualStudioVersion = 10.0.40219.1
Project("{FAE04EC0-301F-11D3-BF4B-00C04F79EFBC}") = "LINQS", "LINQS\LINQS.csproj", "{EEE870C8-2F56-4A33-942B-37CBD242FA6A}"
EndProject
Project("{2150E333-8FDC-42A3-9474-1A3956D46DE8}") = "Solution Items", "Solution Items", "{E596378C-6EA4-4ABA-95DF-4C8CEF41AAC2}"
EndProject
Global
	GlobalSection(SolutionConfigurationPlatforms) = preSolution
		Debug|Any CPU = Debug|Any CPU
		Release|Any CPU = Release|Any CPU
	EndGlobalSection
	GlobalSection(ProjectConfigurationPlatforms) = postSolution
		{EEE870C8-2F56-4A33-942B-37CBD242FA6A}.Debug|Any CPU.ActiveCfg = Debug|Any CPU
		{EEE870C8-2F56-4A33-942B-37CBD242FA6A}.Debug|Any CPU.Build.0 = Debug|Any CPU
		{EEE870C8-2F56-4A33-942B-37CBD242FA6A}.Release|Any CPU.ActiveCfg = Release|Any CPU
		{EEE870C8-2F56-4A33-942B-37CBD242FA6A}.Release|Any CPU.Build.0 = Release|Any CPU
	EndGlobalSection
	GlobalSection(SolutionProperties) = preSolution
		HideSolutionNode = FALSE
	EndGlobalSection
	GlobalSection(ExtensibilityGlobals) = postSolution
		SolutionGuid = {3FB725C0-DD75-4112-8C63-F2BDFC6B715B}
	EndGlobalSection
EndGlobal
