
Microsoft Visual Studio Solution File, Format Version 12.00
# Visual Studio Version 16
VisualStudioVersion = 16.0.29102.190
MinimumVisualStudioVersion = 10.0.40219.1
Project("{FAE04EC0-301F-11D3-BF4B-00C04F79EFBC}") = "PerezagruskaOperatsii", "PerezagruskaOperatsii\PerezagruskaOperatsii.csproj", "{036421EB-B1F3-46A4-9ACF-12C6C9AEA3D7}"
EndProject
Global
	GlobalSection(SolutionConfigurationPlatforms) = preSolution
		Debug|Any CPU = Debug|Any CPU
		Release|Any CPU = Release|Any CPU
	EndGlobalSection
	GlobalSection(ProjectConfigurationPlatforms) = postSolution
		{036421EB-B1F3-46A4-9ACF-12C6C9AEA3D7}.Debug|Any CPU.ActiveCfg = Debug|Any CPU
		{036421EB-B1F3-46A4-9ACF-12C6C9AEA3D7}.Debug|Any CPU.Build.0 = Debug|Any CPU
		{036421EB-B1F3-46A4-9ACF-12C6C9AEA3D7}.Release|Any CPU.ActiveCfg = Release|Any CPU
		{036421EB-B1F3-46A4-9ACF-12C6C9AEA3D7}.Release|Any CPU.Build.0 = Release|Any CPU
	EndGlobalSection
	GlobalSection(SolutionProperties) = preSolution
		HideSolutionNode = FALSE
	EndGlobalSection
	GlobalSection(ExtensibilityGlobals) = postSolution
		SolutionGuid = {4CE179E9-5791-43E6-BD82-88E1A5A697C3}
	EndGlobalSection
EndGlobal
